
Microsoft Visual Studio Solution File, Format Version 12.00
# Visual Studio Version 16
VisualStudioVersion = 16.0.31424.327
MinimumVisualStudioVersion = 10.0.40219.1
Project("{FAE04EC0-301F-11D3-BF4B-00C04F79EFBC}") = "BancoApi", "BancoApi\BancoApi.csproj", "{9C84D373-0FAF-4A41-8529-F5A764B71EF7}"
EndProject
Project("{FAE04EC0-301F-11D3-BF4B-00C04F79EFBC}") = "Model", "Model\Model.csproj", "{22D67A00-11F1-4B91-8E0B-BE2FB69C689D}"
EndProject
Project("{FAE04EC0-301F-11D3-BF4B-00C04F79EFBC}") = "DAO", "DAO\DAO.csproj", "{540BEDFD-C9A5-491E-87A5-24B869E95150}"
EndProject
Global
	GlobalSection(SolutionConfigurationPlatforms) = preSolution
		Debug|Any CPU = Debug|Any CPU
		Release|Any CPU = Release|Any CPU
	EndGlobalSection
	GlobalSection(ProjectConfigurationPlatforms) = postSolution
		{9C84D373-0FAF-4A41-8529-F5A764B71EF7}.Debug|Any CPU.ActiveCfg = Debug|Any CPU
		{9C84D373-0FAF-4A41-8529-F5A764B71EF7}.Debug|Any CPU.Build.0 = Debug|Any CPU
		{9C84D373-0FAF-4A41-8529-F5A764B71EF7}.Release|Any CPU.ActiveCfg = Release|Any CPU
		{9C84D373-0FAF-4A41-8529-F5A764B71EF7}.Release|Any CPU.Build.0 = Release|Any CPU
		{22D67A00-11F1-4B91-8E0B-BE2FB69C689D}.Debug|Any CPU.ActiveCfg = Debug|Any CPU
		{22D67A00-11F1-4B91-8E0B-BE2FB69C689D}.Debug|Any CPU.Build.0 = Debug|Any CPU
		{22D67A00-11F1-4B91-8E0B-BE2FB69C689D}.Release|Any CPU.ActiveCfg = Release|Any CPU
		{22D67A00-11F1-4B91-8E0B-BE2FB69C689D}.Release|Any CPU.Build.0 = Release|Any CPU
		{540BEDFD-C9A5-491E-87A5-24B869E95150}.Debug|Any CPU.ActiveCfg = Debug|Any CPU
		{540BEDFD-C9A5-491E-87A5-24B869E95150}.Debug|Any CPU.Build.0 = Debug|Any CPU
		{540BEDFD-C9A5-491E-87A5-24B869E95150}.Release|Any CPU.ActiveCfg = Release|Any CPU
		{540BEDFD-C9A5-491E-87A5-24B869E95150}.Release|Any CPU.Build.0 = Release|Any CPU
	EndGlobalSection
	GlobalSection(SolutionProperties) = preSolution
		HideSolutionNode = FALSE
	EndGlobalSection
	GlobalSection(ExtensibilityGlobals) = postSolution
		SolutionGuid = {9CD07B22-867E-466E-9E23-2893B1B6A207}
	EndGlobalSection
EndGlobal
